
Microsoft Visual Studio Solution File, Format Version 12.00
# Visual Studio Version 16
VisualStudioVersion = 16.0.30011.22
MinimumVisualStudioVersion = 10.0.40219.1
Project("{FAE04EC0-301F-11D3-BF4B-00C04F79EFBC}") = "ValidationIsAsyncExample", "ValidationIsAsyncExample\ValidationIsAsyncExample.csproj", "{86A304E9-FF01-4020-BABD-CC98B42806EF}"
EndProject
Global
	GlobalSection(SolutionConfigurationPlatforms) = preSolution
		Debug|Any CPU = Debug|Any CPU
		Release|Any CPU = Release|Any CPU
	EndGlobalSection
	GlobalSection(ProjectConfigurationPlatforms) = postSolution
		{86A304E9-FF01-4020-BABD-CC98B42806EF}.Debug|Any CPU.ActiveCfg = Debug|Any CPU
		{86A304E9-FF01-4020-BABD-CC98B42806EF}.Debug|Any CPU.Build.0 = Debug|Any CPU
		{86A304E9-FF01-4020-BABD-CC98B42806EF}.Release|Any CPU.ActiveCfg = Release|Any CPU
		{86A304E9-FF01-4020-BABD-CC98B42806EF}.Release|Any CPU.Build.0 = Release|Any CPU
	EndGlobalSection
	GlobalSection(SolutionProperties) = preSolution
		HideSolutionNode = FALSE
	EndGlobalSection
	GlobalSection(ExtensibilityGlobals) = postSolution
		SolutionGuid = {9E0F82AF-2DA8-4405-BEBE-6A45C4C769F4}
	EndGlobalSection
EndGlobal
